
Microsoft Visual Studio Solution File, Format Version 12.00
Project("{2150E333-8FDC-42A3-9474-1A3956D46DE8}") = "src", "src", "{094AC649-1AB2-42B8-AFE3-E6FDFC4E05D4}"
EndProject
Project("{2150E333-8FDC-42A3-9474-1A3956D46DE8}") = "ToDo.Domain", "ToDo.Domain", "{19C029D0-18A2-434F-A72F-33340BF2D659}"
EndProject
Project("{2150E333-8FDC-42A3-9474-1A3956D46DE8}") = "ToDo.Infra", "ToDo.Infra", "{C3B8C301-3C0E-4A45-A4F0-38E918E150A0}"
EndProject
Project("{2150E333-8FDC-42A3-9474-1A3956D46DE8}") = "ToDo.Application", "ToDo.Application", "{D1A22F8B-9B78-4207-A8AC-1B0568354C17}"
EndProject
Project("{2150E333-8FDC-42A3-9474-1A3956D46DE8}") = "ToDo.API", "ToDo.API", "{A99FD8D2-ECEE-49F8-88AD-161F5C80F174}"
EndProject
Project("{2150E333-8FDC-42A3-9474-1A3956D46DE8}") = "ToDo.Core", "ToDo.Core", "{3D73997B-18DE-45F4-AC79-B3DA0811D2E6}"
EndProject
Project("{FAE04EC0-301F-11D3-BF4B-00C04F79EFBC}") = "Todo.API", "Todo.API\Todo.API.csproj", "{DD4B1559-D79C-4060-A0FE-B189A66DDD3A}"
EndProject
Project("{FAE04EC0-301F-11D3-BF4B-00C04F79EFBC}") = "ToDo.Application", "ToDo.Application\ToDo.Application.csproj", "{ADA44317-FDC3-475B-B481-017F52E186AA}"
EndProject
Project("{FAE04EC0-301F-11D3-BF4B-00C04F79EFBC}") = "ToDo.Core", "ToDo.Core\ToDo.Core.csproj", "{FA85207A-FC2D-4796-9207-7EB0556550E4}"
EndProject
Project("{FAE04EC0-301F-11D3-BF4B-00C04F79EFBC}") = "ToDo.Domain", "ToDo.Domain\ToDo.Domain.csproj", "{9E167E8F-679A-42E0-8F0F-CBBEC45DA097}"
EndProject
Project("{FAE04EC0-301F-11D3-BF4B-00C04F79EFBC}") = "ToDo.Infra", "ToDo.Infra\ToDo.Infra.csproj", "{A2E32E46-4B29-42DA-A1A7-C96DBD93ECF0}"
EndProject
Global
	GlobalSection(SolutionConfigurationPlatforms) = preSolution
		Debug|Any CPU = Debug|Any CPU
		Release|Any CPU = Release|Any CPU
	EndGlobalSection
	GlobalSection(NestedProjects) = preSolution
		{19C029D0-18A2-434F-A72F-33340BF2D659} = {094AC649-1AB2-42B8-AFE3-E6FDFC4E05D4}
		{C3B8C301-3C0E-4A45-A4F0-38E918E150A0} = {094AC649-1AB2-42B8-AFE3-E6FDFC4E05D4}
		{D1A22F8B-9B78-4207-A8AC-1B0568354C17} = {094AC649-1AB2-42B8-AFE3-E6FDFC4E05D4}
		{A99FD8D2-ECEE-49F8-88AD-161F5C80F174} = {094AC649-1AB2-42B8-AFE3-E6FDFC4E05D4}
		{3D73997B-18DE-45F4-AC79-B3DA0811D2E6} = {094AC649-1AB2-42B8-AFE3-E6FDFC4E05D4}
		{DD4B1559-D79C-4060-A0FE-B189A66DDD3A} = {A99FD8D2-ECEE-49F8-88AD-161F5C80F174}
		{ADA44317-FDC3-475B-B481-017F52E186AA} = {D1A22F8B-9B78-4207-A8AC-1B0568354C17}
		{FA85207A-FC2D-4796-9207-7EB0556550E4} = {3D73997B-18DE-45F4-AC79-B3DA0811D2E6}
		{9E167E8F-679A-42E0-8F0F-CBBEC45DA097} = {19C029D0-18A2-434F-A72F-33340BF2D659}
		{A2E32E46-4B29-42DA-A1A7-C96DBD93ECF0} = {C3B8C301-3C0E-4A45-A4F0-38E918E150A0}
	EndGlobalSection
	GlobalSection(ProjectConfigurationPlatforms) = postSolution
		{DD4B1559-D79C-4060-A0FE-B189A66DDD3A}.Debug|Any CPU.ActiveCfg = Debug|Any CPU
		{DD4B1559-D79C-4060-A0FE-B189A66DDD3A}.Debug|Any CPU.Build.0 = Debug|Any CPU
		{DD4B1559-D79C-4060-A0FE-B189A66DDD3A}.Release|Any CPU.ActiveCfg = Release|Any CPU
		{DD4B1559-D79C-4060-A0FE-B189A66DDD3A}.Release|Any CPU.Build.0 = Release|Any CPU
		{ADA44317-FDC3-475B-B481-017F52E186AA}.Debug|Any CPU.ActiveCfg = Debug|Any CPU
		{ADA44317-FDC3-475B-B481-017F52E186AA}.Debug|Any CPU.Build.0 = Debug|Any CPU
		{ADA44317-FDC3-475B-B481-017F52E186AA}.Release|Any CPU.ActiveCfg = Release|Any CPU
		{ADA44317-FDC3-475B-B481-017F52E186AA}.Release|Any CPU.Build.0 = Release|Any CPU
		{FA85207A-FC2D-4796-9207-7EB0556550E4}.Debug|Any CPU.ActiveCfg = Debug|Any CPU
		{FA85207A-FC2D-4796-9207-7EB0556550E4}.Debug|Any CPU.Build.0 = Debug|Any CPU
		{FA85207A-FC2D-4796-9207-7EB0556550E4}.Release|Any CPU.ActiveCfg = Release|Any CPU
		{FA85207A-FC2D-4796-9207-7EB0556550E4}.Release|Any CPU.Build.0 = Release|Any CPU
		{9E167E8F-679A-42E0-8F0F-CBBEC45DA097}.Debug|Any CPU.ActiveCfg = Debug|Any CPU
		{9E167E8F-679A-42E0-8F0F-CBBEC45DA097}.Debug|Any CPU.Build.0 = Debug|Any CPU
		{9E167E8F-679A-42E0-8F0F-CBBEC45DA097}.Release|Any CPU.ActiveCfg = Release|Any CPU
		{9E167E8F-679A-42E0-8F0F-CBBEC45DA097}.Release|Any CPU.Build.0 = Release|Any CPU
		{A2E32E46-4B29-42DA-A1A7-C96DBD93ECF0}.Debug|Any CPU.ActiveCfg = Debug|Any CPU
		{A2E32E46-4B29-42DA-A1A7-C96DBD93ECF0}.Debug|Any CPU.Build.0 = Debug|Any CPU
		{A2E32E46-4B29-42DA-A1A7-C96DBD93ECF0}.Release|Any CPU.ActiveCfg = Release|Any CPU
		{A2E32E46-4B29-42DA-A1A7-C96DBD93ECF0}.Release|Any CPU.Build.0 = Release|Any CPU
	EndGlobalSection
EndGlobal
